{
  "version": 4,
  "terraform_version": "0.14.7",
  "serial": 3,
  "lineage": "3524cf0a-f048-50fc-6d4b-dcc68e5c71d3",
  "outputs": {},
  "resources": [
    {
      "mode": "managed",
      "type": "azurerm_app_service",
      "name": "cloudskills-as",
      "provider": "provider[\"registry.terraform.io/hashicorp/azurerm\"]",
      "instances": [
        {
          "schema_version": 0,
          "attributes": {
            "app_service_plan_id": "/subscriptions/df1fa50a-f974-4fe7-b302-d52530c3bdc0/resourceGroups/AZ-400/providers/Microsoft.Web/serverfarms/cloudskillssp",
            "app_settings": {},
            "auth_settings": [
              {
                "active_directory": [],
                "additional_login_params": {},
                "allowed_external_redirect_urls": [],
                "default_provider": "",
                "enabled": false,
                "facebook": [],
                "google": [],
                "issuer": "",
                "microsoft": [],
                "runtime_version": "",
                "token_refresh_extension_hours": 0,
                "token_store_enabled": false,
                "twitter": [],
                "unauthenticated_client_action": ""
              }
            ],
            "backup": [],
            "client_affinity_enabled": false,
            "client_cert_enabled": false,
            "connection_string": [],
            "custom_domain_verification_id": "489981CFD9308175808CA756069918673DE62C6A7A8D5549FC8A25B8C3EB8F29",
            "default_site_hostname": "cloudskillsjs.azurewebsites.net",
            "enabled": true,
            "https_only": false,
            "id": "/subscriptions/df1fa50a-f974-4fe7-b302-d52530c3bdc0/resourceGroups/AZ-400/providers/Microsoft.Web/sites/cloudskillsjs",
            "identity": [],
            "location": "eastus",
            "logs": [
              {
                "application_logs": [
                  {
                    "azure_blob_storage": [],
                    "file_system_level": "Off"
                  }
                ],
                "detailed_error_messages_enabled": false,
                "failed_request_tracing_enabled": false,
                "http_logs": [
                  {
                    "azure_blob_storage": [],
                    "file_system": []
                  }
                ]
              }
            ],
            "name": "cloudskillsjs",
            "outbound_ip_address_list": [
              "52.151.208.5",
              "52.151.208.29",
              "52.151.208.49",
              "52.151.208.74",
              "52.151.208.76",
              "52.151.208.108",
              "20.49.104.19"
            ],
            "outbound_ip_addresses": "52.151.208.5,52.151.208.29,52.151.208.49,52.151.208.74,52.151.208.76,52.151.208.108,20.49.104.19",
            "possible_outbound_ip_address_list": [
              "52.151.208.5",
              "52.151.208.29",
              "52.151.208.49",
              "52.151.208.74",
              "52.151.208.76",
              "52.151.208.108",
              "52.151.208.127",
              "52.151.208.144",
              "52.151.208.152",
              "52.151.208.154",
              "52.151.208.217",
              "52.151.209.28",
              "52.146.71.136",
              "52.151.209.37",
              "52.151.209.38",
              "52.151.209.74",
              "52.151.209.91",
              "52.151.209.97",
              "20.49.104.19"
            ],
            "possible_outbound_ip_addresses": "52.151.208.5,52.151.208.29,52.151.208.49,52.151.208.74,52.151.208.76,52.151.208.108,52.151.208.127,52.151.208.144,52.151.208.152,52.151.208.154,52.151.208.217,52.151.209.28,52.146.71.136,52.151.209.37,52.151.209.38,52.151.209.74,52.151.209.91,52.151.209.97,20.49.104.19",
            "resource_group_name": "AZ-400",
            "site_config": [
              {
                "always_on": false,
                "app_command_line": "",
                "auto_swap_slot_name": "",
                "cors": [
                  {
                    "allowed_origins": [],
                    "support_credentials": false
                  }
                ],
                "default_documents": null,
                "dotnet_framework_version": "v4.0",
                "ftps_state": "AllAllowed",
                "health_check_path": "",
                "http2_enabled": false,
                "ip_restriction": [],
                "java_container": "",
                "java_container_version": "",
                "java_version": "",
                "linux_fx_version": "NODE|12-lts",
                "local_mysql_enabled": false,
                "managed_pipeline_mode": "Integrated",
                "min_tls_version": "1.2",
                "number_of_workers": 1,
                "php_version": "",
                "python_version": "",
                "remote_debugging_enabled": false,
                "remote_debugging_version": "VS2019",
                "scm_ip_restriction": [],
                "scm_type": "None",
                "scm_use_main_ip_restriction": false,
                "use_32_bit_worker_process": false,
                "websockets_enabled": false,
                "windows_fx_version": ""
              }
            ],
            "site_credential": [
              {
                "password": "NPr51vux2fzZQ1byPN2E8C1tm4qk2WKJWKM5ssklj55bmTSqJ9kJBmtMqkBT",
                "username": "$cloudskillsjs"
              }
            ],
            "source_control": [
              {
                "branch": "master",
                "manual_integration": false,
                "repo_url": "",
                "rollback_enabled": false,
                "use_mercurial": false
              }
            ],
            "storage_account": [],
            "tags": null,
            "timeouts": null
          },
          "sensitive_attributes": [],
          "private": "eyJlMmJmYjczMC1lY2FhLTExZTYtOGY4OC0zNDM2M2JjN2M0YzAiOnsiY3JlYXRlIjoxODAwMDAwMDAwMDAwLCJkZWxldGUiOjE4MDAwMDAwMDAwMDAsInJlYWQiOjMwMDAwMDAwMDAwMCwidXBkYXRlIjoxODAwMDAwMDAwMDAwfX0=",
          "dependencies": [
            "azurerm_app_service_plan.cloudskills-sp"
          ]
        }
      ]
    },
    {
      "mode": "managed",
      "type": "azurerm_app_service_plan",
      "name": "cloudskills-sp",
      "provider": "provider[\"registry.terraform.io/hashicorp/azurerm\"]",
      "instances": [
        {
          "schema_version": 0,
          "attributes": {
            "app_service_environment_id": "",
            "id": "/subscriptions/df1fa50a-f974-4fe7-b302-d52530c3bdc0/resourceGroups/AZ-400/providers/Microsoft.Web/serverfarms/cloudskillssp",
            "is_xenon": false,
            "kind": "linux",
            "location": "eastus",
            "maximum_elastic_worker_count": 1,
            "maximum_number_of_workers": 10,
            "name": "cloudskillssp",
            "per_site_scaling": false,
            "reserved": true,
            "resource_group_name": "AZ-400",
            "sku": [
              {
                "capacity": 1,
                "size": "S1",
                "tier": "Standard"
              }
            ],
            "tags": null,
            "timeouts": null
          },
          "sensitive_attributes": [],
          "private": "eyJlMmJmYjczMC1lY2FhLTExZTYtOGY4OC0zNDM2M2JjN2M0YzAiOnsiY3JlYXRlIjozNjAwMDAwMDAwMDAwLCJkZWxldGUiOjM2MDAwMDAwMDAwMDAsInJlYWQiOjMwMDAwMDAwMDAwMCwidXBkYXRlIjozNjAwMDAwMDAwMDAwfX0="
        }
      ]
    }
  ]
}
